
Microsoft Visual Studio Solution File, Format Version 12.00
# Visual Studio 15
Project("{FAE04EC0-301F-11D3-BF4B-00C04F79EFBC}") = "Unity Optimization Project", "Unity Optimization Project.csproj", "{E4DCC372-D879-399A-BD80-CB31EEB9C3BC}"
EndProject
Global
	GlobalSection(SolutionConfigurationPlatforms) = preSolution
		Debug|Any CPU = Debug|Any CPU
		Release|Any CPU = Release|Any CPU
	EndGlobalSection
	GlobalSection(ProjectConfigurationPlatforms) = postSolution
		{E4DCC372-D879-399A-BD80-CB31EEB9C3BC}.Debug|Any CPU.ActiveCfg = Debug|Any CPU
		{E4DCC372-D879-399A-BD80-CB31EEB9C3BC}.Debug|Any CPU.Build.0 = Debug|Any CPU
		{E4DCC372-D879-399A-BD80-CB31EEB9C3BC}.Release|Any CPU.ActiveCfg = Release|Any CPU
		{E4DCC372-D879-399A-BD80-CB31EEB9C3BC}.Release|Any CPU.Build.0 = Release|Any CPU
	EndGlobalSection
	GlobalSection(SolutionProperties) = preSolution
		HideSolutionNode = FALSE
	EndGlobalSection
EndGlobal
